
Microsoft Visual Studio Solution File, Format Version 12.00
# Visual Studio 15
VisualStudioVersion = 15.0.28307.421
MinimumVisualStudioVersion = 10.0.40219.1
Project("{FAE04EC0-301F-11D3-BF4B-00C04F79EFBC}") = "Students", "Students.asp.net\Students\Students.csproj", "{888CEB39-85A2-46BE-9E7E-ADFF1B85A779}"
EndProject
Global
	GlobalSection(SolutionConfigurationPlatforms) = preSolution
		Debug|Any CPU = Debug|Any CPU
		Release|Any CPU = Release|Any CPU
	EndGlobalSection
	GlobalSection(ProjectConfigurationPlatforms) = postSolution
		{888CEB39-85A2-46BE-9E7E-ADFF1B85A779}.Debug|Any CPU.ActiveCfg = Debug|Any CPU
		{888CEB39-85A2-46BE-9E7E-ADFF1B85A779}.Debug|Any CPU.Build.0 = Debug|Any CPU
		{888CEB39-85A2-46BE-9E7E-ADFF1B85A779}.Release|Any CPU.ActiveCfg = Release|Any CPU
		{888CEB39-85A2-46BE-9E7E-ADFF1B85A779}.Release|Any CPU.Build.0 = Release|Any CPU
	EndGlobalSection
	GlobalSection(SolutionProperties) = preSolution
		HideSolutionNode = FALSE
	EndGlobalSection
	GlobalSection(ExtensibilityGlobals) = postSolution
		SolutionGuid = {8CEA1A14-FAEF-4191-8367-A8DC2CA64076}
	EndGlobalSection
EndGlobal
